
Microsoft Visual Studio Solution File, Format Version 12.00
# Visual Studio Version 17
VisualStudioVersion = 17.12.35209.166
MinimumVisualStudioVersion = 10.0.40219.1
Project("{FAE04EC0-301F-11D3-BF4B-00C04F79EFBC}") = "dethithu", "dethithu.csproj", "{EB254FAD-4F7A-49DE-9272-EC5F3541498E}"
EndProject
Global
	GlobalSection(SolutionConfigurationPlatforms) = preSolution
		Debug|Any CPU = Debug|Any CPU
		Release|Any CPU = Release|Any CPU
	EndGlobalSection
	GlobalSection(ProjectConfigurationPlatforms) = postSolution
		{EB254FAD-4F7A-49DE-9272-EC5F3541498E}.Debug|Any CPU.ActiveCfg = Debug|Any CPU
		{EB254FAD-4F7A-49DE-9272-EC5F3541498E}.Debug|Any CPU.Build.0 = Debug|Any CPU
		{EB254FAD-4F7A-49DE-9272-EC5F3541498E}.Release|Any CPU.ActiveCfg = Release|Any CPU
		{EB254FAD-4F7A-49DE-9272-EC5F3541498E}.Release|Any CPU.Build.0 = Release|Any CPU
	EndGlobalSection
	GlobalSection(SolutionProperties) = preSolution
		HideSolutionNode = FALSE
	EndGlobalSection
	GlobalSection(ExtensibilityGlobals) = postSolution
		SolutionGuid = {2615A276-BE9C-4656-97E9-A217D6FAA924}
	EndGlobalSection
EndGlobal
